
Microsoft Visual Studio Solution File, Format Version 12.00
# Visual Studio Version 17
VisualStudioVersion = 17.11.35222.181
MinimumVisualStudioVersion = 10.0.40219.1
Project("{2150E333-8FDC-42A3-9474-1A3956D46DE8}") = "Services", "Services", "{D7AC47E8-FB73-4DA3-B6DE-C1B6F710959B}"
EndProject
Project("{2150E333-8FDC-42A3-9474-1A3956D46DE8}") = "Discount", "Discount", "{DEC8B1E5-42F1-4B2A-8010-7745E6F054A3}"
EndProject
Project("{9A19103F-16F7-4668-BE54-9A1E7A4F7556}") = "MultiShop.Discount", "Services\Discount\MultiShop.Discount\MultiShop.Discount.csproj", "{17AB6D79-B184-4F72-9E9D-64B9D15543D7}"
EndProject
Project("{2150E333-8FDC-42A3-9474-1A3956D46DE8}") = "Order", "Order", "{0F60580A-CC36-4335-B119-569F17163C42}"
EndProject
Project("{2150E333-8FDC-42A3-9474-1A3956D46DE8}") = "Core", "Core", "{F2DD2DFB-85A0-4454-A77F-66E5A8456BAB}"
EndProject
Project("{9A19103F-16F7-4668-BE54-9A1E7A4F7556}") = "MultiShop.Order.Domain", "Services\Order\Core\MultiShop.Order.Domain\MultiShop.Order.Domain.csproj", "{29DFBDED-19D5-492C-ADC7-87FCDEDFD8E0}"
EndProject
Project("{9A19103F-16F7-4668-BE54-9A1E7A4F7556}") = "MultiShop.Order.Application", "Services\Order\Core\MultiShop.Order.Application\MultiShop.Order.Application.csproj", "{A161AFB3-85DB-4413-9DF0-C408F412C8B3}"
EndProject
Project("{2150E333-8FDC-42A3-9474-1A3956D46DE8}") = "IdentityServer", "IdentityServer", "{80A6DDB1-2575-4CDD-9FBE-11B49BD13B34}"
EndProject
Project("{9A19103F-16F7-4668-BE54-9A1E7A4F7556}") = "MultiShop.IdentityServer", "IdentityServer\MultiShop.IdentityServer\MultiShop.IdentityServer.csproj", "{91F0B78A-CCAA-4C97-AAB3-07343B1F5224}"
EndProject
Project("{2150E333-8FDC-42A3-9474-1A3956D46DE8}") = "Requirements", "Requirements", "{28D68E13-29D7-45A1-9BCB-CC17AD6B95D6}"
	ProjectSection(SolutionItems) = preProject
		PortNumber.txt = PortNumber.txt
	EndProjectSection
EndProject
Project("{9A19103F-16F7-4668-BE54-9A1E7A4F7556}") = "MultiShop.Catalog", "Services\Catalog\MultiShop.Catalog\MultiShop.Catalog.csproj", "{2C68EFB9-03B5-4380-9CFF-1C2584F31476}"
EndProject
Project("{2150E333-8FDC-42A3-9474-1A3956D46DE8}") = "Catalog", "Catalog", "{3420458B-E3A2-436B-86E8-50F60382028A}"
EndProject
Project("{2150E333-8FDC-42A3-9474-1A3956D46DE8}") = "Presentation", "Presentation", "{D3940058-5F60-4E7D-B1B6-625EEB69EEFC}"
EndProject
Project("{9A19103F-16F7-4668-BE54-9A1E7A4F7556}") = "MultiShop.Order.WebApi", "Services\Order\Presentation\MultiShop.Order.WebApi\MultiShop.Order.WebApi.csproj", "{073A83A0-A0FE-4FBD-B2C0-6ABB9CD43227}"
EndProject
Project("{2150E333-8FDC-42A3-9474-1A3956D46DE8}") = "Infrastructure", "Infrastructure", "{A5152915-503D-42BD-BEBC-1B97B953E2AD}"
EndProject
Project("{9A19103F-16F7-4668-BE54-9A1E7A4F7556}") = "MultiShop.Order.Persistence", "Services\Order\Infrastructure\MultiShop.Order.Persistence\MultiShop.Order.Persistence.csproj", "{712D60A9-C3E2-440E-943F-DD7AC7A5040F}"
EndProject
Project("{2150E333-8FDC-42A3-9474-1A3956D46DE8}") = "Cargo", "Cargo", "{AB0F9B79-A7EB-4F49-B15E-2C6EEE059AC8}"
EndProject
Project("{FAE04EC0-301F-11D3-BF4B-00C04F79EFBC}") = "MultiShop.Cargo.BusinessLayer", "Services\Cargo\MultiShop.Cargo.BusinessLayer\MultiShop.Cargo.BusinessLayer.csproj", "{753DA010-8F48-4ABD-B175-876521754F61}"
EndProject
Project("{FAE04EC0-301F-11D3-BF4B-00C04F79EFBC}") = "MultiShop.Cargo.EntityLayer", "Services\Cargo\MultiShop.Cargo.EntityLayer\MultiShop.Cargo.EntityLayer.csproj", "{FB609FB4-CE60-4307-87FD-C1B99DC36CA9}"
EndProject
Project("{FAE04EC0-301F-11D3-BF4B-00C04F79EFBC}") = "MultiShop.Cargo.DataAccessLayer", "Services\Cargo\MultiShop.Cargo.DataAccessLayer\MultiShop.Cargo.DataAccessLayer.csproj", "{F0BB9412-31E3-46FA-BFD1-B3E3A7448B68}"
EndProject
Project("{FAE04EC0-301F-11D3-BF4B-00C04F79EFBC}") = "MultiShop.Cargo.DtoLayer", "Services\Cargo\MultiShop.Cargo.DtoLayer\MultiShop.Cargo.DtoLayer.csproj", "{CA1E2146-9EA4-455A-BF9D-9FD8A8F7BD03}"
EndProject
Project("{FAE04EC0-301F-11D3-BF4B-00C04F79EFBC}") = "MultiShop.Cargo.WebApi", "Services\Cargo\MultiShop.Cargo.WebApi\MultiShop.Cargo.WebApi.csproj", "{E456B45A-9FF9-49B0-B0D5-6E315EB78F59}"
EndProject
Project("{2150E333-8FDC-42A3-9474-1A3956D46DE8}") = "Basket", "Basket", "{D53D2491-97A4-48E8-A7A8-2762D0CA44B7}"
EndProject
Project("{FAE04EC0-301F-11D3-BF4B-00C04F79EFBC}") = "MultiShop.Basket", "Services\Basket\MultiShop.Basket\MultiShop.Basket.csproj", "{FA30CB2E-757A-4405-98AF-3D33E67EE51E}"
EndProject
Global
	GlobalSection(SolutionConfigurationPlatforms) = preSolution
		Debug|Any CPU = Debug|Any CPU
		Release|Any CPU = Release|Any CPU
	EndGlobalSection
	GlobalSection(ProjectConfigurationPlatforms) = postSolution
		{17AB6D79-B184-4F72-9E9D-64B9D15543D7}.Debug|Any CPU.ActiveCfg = Debug|Any CPU
		{17AB6D79-B184-4F72-9E9D-64B9D15543D7}.Debug|Any CPU.Build.0 = Debug|Any CPU
		{17AB6D79-B184-4F72-9E9D-64B9D15543D7}.Release|Any CPU.ActiveCfg = Release|Any CPU
		{17AB6D79-B184-4F72-9E9D-64B9D15543D7}.Release|Any CPU.Build.0 = Release|Any CPU
		{29DFBDED-19D5-492C-ADC7-87FCDEDFD8E0}.Debug|Any CPU.ActiveCfg = Debug|Any CPU
		{29DFBDED-19D5-492C-ADC7-87FCDEDFD8E0}.Debug|Any CPU.Build.0 = Debug|Any CPU
		{29DFBDED-19D5-492C-ADC7-87FCDEDFD8E0}.Release|Any CPU.ActiveCfg = Release|Any CPU
		{29DFBDED-19D5-492C-ADC7-87FCDEDFD8E0}.Release|Any CPU.Build.0 = Release|Any CPU
		{A161AFB3-85DB-4413-9DF0-C408F412C8B3}.Debug|Any CPU.ActiveCfg = Debug|Any CPU
		{A161AFB3-85DB-4413-9DF0-C408F412C8B3}.Debug|Any CPU.Build.0 = Debug|Any CPU
		{A161AFB3-85DB-4413-9DF0-C408F412C8B3}.Release|Any CPU.ActiveCfg = Release|Any CPU
		{A161AFB3-85DB-4413-9DF0-C408F412C8B3}.Release|Any CPU.Build.0 = Release|Any CPU
		{91F0B78A-CCAA-4C97-AAB3-07343B1F5224}.Debug|Any CPU.ActiveCfg = Debug|Any CPU
		{91F0B78A-CCAA-4C97-AAB3-07343B1F5224}.Debug|Any CPU.Build.0 = Debug|Any CPU
		{91F0B78A-CCAA-4C97-AAB3-07343B1F5224}.Release|Any CPU.ActiveCfg = Release|Any CPU
		{91F0B78A-CCAA-4C97-AAB3-07343B1F5224}.Release|Any CPU.Build.0 = Release|Any CPU
		{2C68EFB9-03B5-4380-9CFF-1C2584F31476}.Debug|Any CPU.ActiveCfg = Debug|Any CPU
		{2C68EFB9-03B5-4380-9CFF-1C2584F31476}.Debug|Any CPU.Build.0 = Debug|Any CPU
		{2C68EFB9-03B5-4380-9CFF-1C2584F31476}.Release|Any CPU.ActiveCfg = Release|Any CPU
		{2C68EFB9-03B5-4380-9CFF-1C2584F31476}.Release|Any CPU.Build.0 = Release|Any CPU
		{073A83A0-A0FE-4FBD-B2C0-6ABB9CD43227}.Debug|Any CPU.ActiveCfg = Debug|Any CPU
		{073A83A0-A0FE-4FBD-B2C0-6ABB9CD43227}.Debug|Any CPU.Build.0 = Debug|Any CPU
		{073A83A0-A0FE-4FBD-B2C0-6ABB9CD43227}.Release|Any CPU.ActiveCfg = Release|Any CPU
		{073A83A0-A0FE-4FBD-B2C0-6ABB9CD43227}.Release|Any CPU.Build.0 = Release|Any CPU
		{712D60A9-C3E2-440E-943F-DD7AC7A5040F}.Debug|Any CPU.ActiveCfg = Debug|Any CPU
		{712D60A9-C3E2-440E-943F-DD7AC7A5040F}.Debug|Any CPU.Build.0 = Debug|Any CPU
		{712D60A9-C3E2-440E-943F-DD7AC7A5040F}.Release|Any CPU.ActiveCfg = Release|Any CPU
		{712D60A9-C3E2-440E-943F-DD7AC7A5040F}.Release|Any CPU.Build.0 = Release|Any CPU
		{753DA010-8F48-4ABD-B175-876521754F61}.Debug|Any CPU.ActiveCfg = Debug|Any CPU
		{753DA010-8F48-4ABD-B175-876521754F61}.Debug|Any CPU.Build.0 = Debug|Any CPU
		{753DA010-8F48-4ABD-B175-876521754F61}.Release|Any CPU.ActiveCfg = Release|Any CPU
		{753DA010-8F48-4ABD-B175-876521754F61}.Release|Any CPU.Build.0 = Release|Any CPU
		{FB609FB4-CE60-4307-87FD-C1B99DC36CA9}.Debug|Any CPU.ActiveCfg = Debug|Any CPU
		{FB609FB4-CE60-4307-87FD-C1B99DC36CA9}.Debug|Any CPU.Build.0 = Debug|Any CPU
		{FB609FB4-CE60-4307-87FD-C1B99DC36CA9}.Release|Any CPU.ActiveCfg = Release|Any CPU
		{FB609FB4-CE60-4307-87FD-C1B99DC36CA9}.Release|Any CPU.Build.0 = Release|Any CPU
		{F0BB9412-31E3-46FA-BFD1-B3E3A7448B68}.Debug|Any CPU.ActiveCfg = Debug|Any CPU
		{F0BB9412-31E3-46FA-BFD1-B3E3A7448B68}.Debug|Any CPU.Build.0 = Debug|Any CPU
		{F0BB9412-31E3-46FA-BFD1-B3E3A7448B68}.Release|Any CPU.ActiveCfg = Release|Any CPU
		{F0BB9412-31E3-46FA-BFD1-B3E3A7448B68}.Release|Any CPU.Build.0 = Release|Any CPU
		{CA1E2146-9EA4-455A-BF9D-9FD8A8F7BD03}.Debug|Any CPU.ActiveCfg = Debug|Any CPU
		{CA1E2146-9EA4-455A-BF9D-9FD8A8F7BD03}.Debug|Any CPU.Build.0 = Debug|Any CPU
		{CA1E2146-9EA4-455A-BF9D-9FD8A8F7BD03}.Release|Any CPU.ActiveCfg = Release|Any CPU
		{CA1E2146-9EA4-455A-BF9D-9FD8A8F7BD03}.Release|Any CPU.Build.0 = Release|Any CPU
		{E456B45A-9FF9-49B0-B0D5-6E315EB78F59}.Debug|Any CPU.ActiveCfg = Debug|Any CPU
		{E456B45A-9FF9-49B0-B0D5-6E315EB78F59}.Debug|Any CPU.Build.0 = Debug|Any CPU
		{E456B45A-9FF9-49B0-B0D5-6E315EB78F59}.Release|Any CPU.ActiveCfg = Release|Any CPU
		{E456B45A-9FF9-49B0-B0D5-6E315EB78F59}.Release|Any CPU.Build.0 = Release|Any CPU
		{FA30CB2E-757A-4405-98AF-3D33E67EE51E}.Debug|Any CPU.ActiveCfg = Debug|Any CPU
		{FA30CB2E-757A-4405-98AF-3D33E67EE51E}.Debug|Any CPU.Build.0 = Debug|Any CPU
		{FA30CB2E-757A-4405-98AF-3D33E67EE51E}.Release|Any CPU.ActiveCfg = Release|Any CPU
		{FA30CB2E-757A-4405-98AF-3D33E67EE51E}.Release|Any CPU.Build.0 = Release|Any CPU
	EndGlobalSection
	GlobalSection(SolutionProperties) = preSolution
		HideSolutionNode = FALSE
	EndGlobalSection
	GlobalSection(NestedProjects) = preSolution
		{DEC8B1E5-42F1-4B2A-8010-7745E6F054A3} = {D7AC47E8-FB73-4DA3-B6DE-C1B6F710959B}
		{17AB6D79-B184-4F72-9E9D-64B9D15543D7} = {DEC8B1E5-42F1-4B2A-8010-7745E6F054A3}
		{0F60580A-CC36-4335-B119-569F17163C42} = {D7AC47E8-FB73-4DA3-B6DE-C1B6F710959B}
		{F2DD2DFB-85A0-4454-A77F-66E5A8456BAB} = {0F60580A-CC36-4335-B119-569F17163C42}
		{29DFBDED-19D5-492C-ADC7-87FCDEDFD8E0} = {F2DD2DFB-85A0-4454-A77F-66E5A8456BAB}
		{A161AFB3-85DB-4413-9DF0-C408F412C8B3} = {F2DD2DFB-85A0-4454-A77F-66E5A8456BAB}
		{91F0B78A-CCAA-4C97-AAB3-07343B1F5224} = {80A6DDB1-2575-4CDD-9FBE-11B49BD13B34}
		{2C68EFB9-03B5-4380-9CFF-1C2584F31476} = {3420458B-E3A2-436B-86E8-50F60382028A}
		{3420458B-E3A2-436B-86E8-50F60382028A} = {D7AC47E8-FB73-4DA3-B6DE-C1B6F710959B}
		{D3940058-5F60-4E7D-B1B6-625EEB69EEFC} = {0F60580A-CC36-4335-B119-569F17163C42}
		{073A83A0-A0FE-4FBD-B2C0-6ABB9CD43227} = {D3940058-5F60-4E7D-B1B6-625EEB69EEFC}
		{A5152915-503D-42BD-BEBC-1B97B953E2AD} = {0F60580A-CC36-4335-B119-569F17163C42}
		{712D60A9-C3E2-440E-943F-DD7AC7A5040F} = {A5152915-503D-42BD-BEBC-1B97B953E2AD}
		{AB0F9B79-A7EB-4F49-B15E-2C6EEE059AC8} = {D7AC47E8-FB73-4DA3-B6DE-C1B6F710959B}
		{753DA010-8F48-4ABD-B175-876521754F61} = {AB0F9B79-A7EB-4F49-B15E-2C6EEE059AC8}
		{FB609FB4-CE60-4307-87FD-C1B99DC36CA9} = {AB0F9B79-A7EB-4F49-B15E-2C6EEE059AC8}
		{F0BB9412-31E3-46FA-BFD1-B3E3A7448B68} = {AB0F9B79-A7EB-4F49-B15E-2C6EEE059AC8}
		{CA1E2146-9EA4-455A-BF9D-9FD8A8F7BD03} = {AB0F9B79-A7EB-4F49-B15E-2C6EEE059AC8}
		{E456B45A-9FF9-49B0-B0D5-6E315EB78F59} = {AB0F9B79-A7EB-4F49-B15E-2C6EEE059AC8}
		{D53D2491-97A4-48E8-A7A8-2762D0CA44B7} = {D7AC47E8-FB73-4DA3-B6DE-C1B6F710959B}
		{FA30CB2E-757A-4405-98AF-3D33E67EE51E} = {D53D2491-97A4-48E8-A7A8-2762D0CA44B7}
	EndGlobalSection
	GlobalSection(ExtensibilityGlobals) = postSolution
		SolutionGuid = {64C06684-AF74-4467-A35F-1E1A20203736}
	EndGlobalSection
EndGlobal
